// !$*UTF8*$!
{
	archiveVersion = 1;
	classes = {
	};
	objectVersion = 46;
	objects = {

/* Begin PBXBuildFile section */
		2738E42E1D0F678100B684B4 /* AppDelegate.swift in Sources */ = {isa = PBXBuildFile; fileRef = 2738E42D1D0F678100B684B4 /* AppDelegate.swift */; };
		2738E4301D0F678100B684B4 /* ViewController.swift in Sources */ = {isa = PBXBuildFile; fileRef = 2738E42F1D0F678100B684B4 /* ViewController.swift */; };
		2738E4331D0F678100B684B4 /* Main.storyboard in Resources */ = {isa = PBXBuildFile; fileRef = 2738E4311D0F678100B684B4 /* Main.storyboard */; };
		2738E4351D0F678100B684B4 /* Assets.xcassets in Resources */ = {isa = PBXBuildFile; fileRef = 2738E4341D0F678100B684B4 /* Assets.xcassets */; };
		2738E4381D0F678100B684B4 /* LaunchScreen.storyboard in Resources */ = {isa = PBXBuildFile; fileRef = 2738E4361D0F678100B684B4 /* LaunchScreen.storyboard */; };
		2738E4901D0F6FAA00B684B4 /* MediaPlayer.framework in Frameworks */ = {isa = PBXBuildFile; fileRef = 2738E48F1D0F6FAA00B684B4 /* MediaPlayer.framework */; };
		2738E4C71D0F734900B684B4 /* libresolv.tbd in Frameworks */ = {isa = PBXBuildFile; fileRef = 2738E4C61D0F734900B684B4 /* libresolv.tbd */; };
		2738E4CB1D0F76D300B684B4 /* Constants.swift in Sources */ = {isa = PBXBuildFile; fileRef = 2738E4CA1D0F76D300B684B4 /* Constants.swift */; };
		275432541D21C7BD00728081 /* AppBase.swift in Sources */ = {isa = PBXBuildFile; fileRef = 275432531D21C7BD00728081 /* AppBase.swift */; };
		275432591D21C92400728081 /* main.swift in Sources */ = {isa = PBXBuildFile; fileRef = 275432581D21C92400728081 /* main.swift */; };
		27DBB9BE1D21E4BC0038CA4A /* EXT.swift in Sources */ = {isa = PBXBuildFile; fileRef = 27DBB9BD1D21E4BC0038CA4A /* EXT.swift */; };
		27FA630E1D107FFE00AA2180 /* ChannelCollectionViewCell.swift in Sources */ = {isa = PBXBuildFile; fileRef = 27FA630D1D107FFE00AA2180 /* ChannelCollectionViewCell.swift */; };
		31229C891D8DD42C0065858F /* libAudioFetchSDK.a in Frameworks */ = {isa = PBXBuildFile; fileRef = 31229C881D8DD42C0065858F /* libAudioFetchSDK.a */; };
		31BA5EB11D79FDE3001E9AD9 /* Settings.bundle in Resources */ = {isa = PBXBuildFile; fileRef = 31BA5EB01D79FDE3001E9AD9 /* Settings.bundle */; };
		E477AC6F35CED917EC05EB4E /* Pods_AudioFetch_SDK_Sample.framework in Frameworks */ = {isa = PBXBuildFile; fileRef = 7B726C8008934305372FFA01 /* Pods_AudioFetch_SDK_Sample.framework */; };
/* End PBXBuildFile section */

/* Begin PBXFileReference section */
		2738E42A1D0F678100B684B4 /* AudioFetch-SDK-Sample.app */ = {isa = PBXFileReference; explicitFileType = wrapper.application; includeInIndex = 0; path = "AudioFetch-SDK-Sample.app"; sourceTree = BUILT_PRODUCTS_DIR; };
		2738E42D1D0F678100B684B4 /* AppDelegate.swift */ = {isa = PBXFileReference; lastKnownFileType = sourcecode.swift; path = AppDelegate.swift; sourceTree = "<group>"; };
		2738E42F1D0F678100B684B4 /* ViewController.swift */ = {isa = PBXFileReference; lastKnownFileType = sourcecode.swift; path = ViewController.swift; sourceTree = "<group>"; };
		2738E4321D0F678100B684B4 /* Base */ = {isa = PBXFileReference; lastKnownFileType = file.storyboard; name = Base; path = Base.lproj/Main.storyboard; sourceTree = "<group>"; };
		2738E4341D0F678100B684B4 /* Assets.xcassets */ = {isa = PBXFileReference; lastKnownFileType = folder.assetcatalog; path = Assets.xcassets; sourceTree = "<group>"; };
		2738E4371D0F678100B684B4 /* Base */ = {isa = PBXFileReference; lastKnownFileType = file.storyboard; name = Base; path = Base.lproj/LaunchScreen.storyboard; sourceTree = "<group>"; };
		2738E4391D0F678100B684B4 /* Info.plist */ = {isa = PBXFileReference; lastKnownFileType = text.plist.xml; path = Info.plist; sourceTree = "<group>"; };
		2738E4401D0F67A800B684B4 /* AudioFetch-SDK-Sample-Bridging-Header.h */ = {isa = PBXFileReference; lastKnownFileType = sourcecode.c.h; path = "AudioFetch-SDK-Sample-Bridging-Header.h"; sourceTree = "<group>"; };
		2738E48F1D0F6FAA00B684B4 /* MediaPlayer.framework */ = {isa = PBXFileReference; lastKnownFileType = wrapper.framework; name = MediaPlayer.framework; path = System/Library/Frameworks/MediaPlayer.framework; sourceTree = SDKROOT; };
		2738E4C61D0F734900B684B4 /* libresolv.tbd */ = {isa = PBXFileReference; lastKnownFileType = "sourcecode.text-based-dylib-definition"; name = libresolv.tbd; path = usr/lib/libresolv.tbd; sourceTree = SDKROOT; };
		2738E4CA1D0F76D300B684B4 /* Constants.swift */ = {isa = PBXFileReference; fileEncoding = 4; lastKnownFileType = sourcecode.swift; path = Constants.swift; sourceTree = "<group>"; };
		275432531D21C7BD00728081 /* AppBase.swift */ = {isa = PBXFileReference; fileEncoding = 4; lastKnownFileType = sourcecode.swift; path = AppBase.swift; sourceTree = "<group>"; };
		275432581D21C92400728081 /* main.swift */ = {isa = PBXFileReference; fileEncoding = 4; lastKnownFileType = sourcecode.swift; path = main.swift; sourceTree = "<group>"; };
		27DBB9BD1D21E4BC0038CA4A /* EXT.swift */ = {isa = PBXFileReference; fileEncoding = 4; lastKnownFileType = sourcecode.swift; path = EXT.swift; sourceTree = "<group>"; };
		27FA630D1D107FFE00AA2180 /* ChannelCollectionViewCell.swift */ = {isa = PBXFileReference; fileEncoding = 4; lastKnownFileType = sourcecode.swift; path = ChannelCollectionViewCell.swift; sourceTree = "<group>"; };
		31229C881D8DD42C0065858F /* libAudioFetchSDK.a */ = {isa = PBXFileReference; lastKnownFileType = archive.ar; name = libAudioFetchSDK.a; path = include/AudioFetchSDK/libAudioFetchSDK.a; sourceTree = "<group>"; };
		31229C8A1D8DD43E0065858F /* Apb.h */ = {isa = PBXFileReference; lastKnownFileType = sourcecode.c.h; path = Apb.h; sourceTree = "<group>"; };
		31229C8B1D8DD43E0065858F /* AudioManager.h */ = {isa = PBXFileReference; lastKnownFileType = sourcecode.c.h; path = AudioManager.h; sourceTree = "<group>"; };
		31229C8C1D8DD43E0065858F /* Channel.h */ = {isa = PBXFileReference; lastKnownFileType = sourcecode.c.h; path = Channel.h; sourceTree = "<group>"; };
		31229C8D1D8DD43E0065858F /* Notifications.h */ = {isa = PBXFileReference; lastKnownFileType = sourcecode.c.h; path = Notifications.h; sourceTree = "<group>"; };
		31BA5EB01D79FDE3001E9AD9 /* Settings.bundle */ = {isa = PBXFileReference; lastKnownFileType = "wrapper.plug-in"; path = Settings.bundle; sourceTree = "<group>"; };
		3A568C2CB22F8BCA093B29CD /* Pods-AudioFetch-SDK-Sample.release.xcconfig */ = {isa = PBXFileReference; includeInIndex = 1; lastKnownFileType = text.xcconfig; name = "Pods-AudioFetch-SDK-Sample.release.xcconfig"; path = "Pods/Target Support Files/Pods-AudioFetch-SDK-Sample/Pods-AudioFetch-SDK-Sample.release.xcconfig"; sourceTree = "<group>"; };
		717A0E8B7520ED42E75917A7 /* Pods-AudioFetch-SDK-Sample.debug.xcconfig */ = {isa = PBXFileReference; includeInIndex = 1; lastKnownFileType = text.xcconfig; name = "Pods-AudioFetch-SDK-Sample.debug.xcconfig"; path = "Pods/Target Support Files/Pods-AudioFetch-SDK-Sample/Pods-AudioFetch-SDK-Sample.debug.xcconfig"; sourceTree = "<group>"; };
		7B726C8008934305372FFA01 /* Pods_AudioFetch_SDK_Sample.framework */ = {isa = PBXFileReference; explicitFileType = wrapper.framework; includeInIndex = 0; path = Pods_AudioFetch_SDK_Sample.framework; sourceTree = BUILT_PRODUCTS_DIR; };
/* End PBXFileReference section */

/* Begin PBXFrameworksBuildPhase section */
		2738E4271D0F678100B684B4 /* Frameworks */ = {
			isa = PBXFrameworksBuildPhase;
			buildActionMask = 2147483647;
			files = (
				2738E4C71D0F734900B684B4 /* libresolv.tbd in Frameworks */,
				2738E4901D0F6FAA00B684B4 /* MediaPlayer.framework in Frameworks */,
				31229C891D8DD42C0065858F /* libAudioFetchSDK.a in Frameworks */,
				E477AC6F35CED917EC05EB4E /* Pods_AudioFetch_SDK_Sample.framework in Frameworks */,
			);
			runOnlyForDeploymentPostprocessing = 0;
		};
/* End PBXFrameworksBuildPhase section */

/* Begin PBXGroup section */
		1F1337AC5B8BF1FBCA3FD011 /* Frameworks */ = {
			isa = PBXGroup;
			children = (
				2738E4C61D0F734900B684B4 /* libresolv.tbd */,
				2738E48F1D0F6FAA00B684B4 /* MediaPlayer.framework */,
				7B726C8008934305372FFA01 /* Pods_AudioFetch_SDK_Sample.framework */,
			);
			name = Frameworks;
			sourceTree = "<group>";
		};
		2738E4211D0F678100B684B4 = {
			isa = PBXGroup;
			children = (
				2738E42C1D0F678100B684B4 /* AudioFetch-SDK-Sample */,
				2738E42B1D0F678100B684B4 /* Products */,
				563053E2EE9C80E1A5798541 /* Pods */,
				1F1337AC5B8BF1FBCA3FD011 /* Frameworks */,
			);
			sourceTree = "<group>";
		};
		2738E42B1D0F678100B684B4 /* Products */ = {
			isa = PBXGroup;
			children = (
				2738E42A1D0F678100B684B4 /* AudioFetch-SDK-Sample.app */,
			);
			name = Products;
			sourceTree = "<group>";
		};
		2738E42C1D0F678100B684B4 /* AudioFetch-SDK-Sample */ = {
			isa = PBXGroup;
			children = (
				27DBB9BA1D21E4060038CA4A /* App */,
				27DBB9B91D21E3D20038CA4A /* UIL */,
				2738E43F1D0F678900B684B4 /* Supporting Files */,
				2738E4391D0F678100B684B4 /* Info.plist */,
			);
			path = "AudioFetch-SDK-Sample";
			sourceTree = "<group>";
		};
		2738E43F1D0F678900B684B4 /* Supporting Files */ = {
			isa = PBXGroup;
			children = (
				31BA5EB01D79FDE3001E9AD9 /* Settings.bundle */,
				2738E5041D0F906000B684B4 /* AudioFetch_SDK */,
				2738E4401D0F67A800B684B4 /* AudioFetch-SDK-Sample-Bridging-Header.h */,
			);
			name = "Supporting Files";
			sourceTree = "<group>";
		};
		2738E5041D0F906000B684B4 /* AudioFetch_SDK */ = {
			isa = PBXGroup;
			children = (
				31229C881D8DD42C0065858F /* libAudioFetchSDK.a */,
				2738E5051D0F906000B684B4 /* include */,
			);
			path = AudioFetch_SDK;
			sourceTree = "<group>";
		};
		2738E5051D0F906000B684B4 /* include */ = {
			isa = PBXGroup;
			children = (
				2738E5061D0F906000B684B4 /* AudioFetchSDK */,
			);
			path = include;
			sourceTree = "<group>";
		};
		2738E5061D0F906000B684B4 /* AudioFetchSDK */ = {
			isa = PBXGroup;
			children = (
				31229C8A1D8DD43E0065858F /* Apb.h */,
				31229C8B1D8DD43E0065858F /* AudioManager.h */,
				31229C8C1D8DD43E0065858F /* Channel.h */,
				31229C8D1D8DD43E0065858F /* Notifications.h */,
			);
			path = AudioFetchSDK;
			sourceTree = "<group>";
		};
		27DBB9B91D21E3D20038CA4A /* UIL */ = {
			isa = PBXGroup;
			children = (
				27DBB9BB1D21E42B0038CA4A /* Controllers */,
				27DBB9BC1D21E4410038CA4A /* IB */,
				2738E4341D0F678100B684B4 /* Assets.xcassets */,
			);
			name = UIL;
			sourceTree = "<group>";
		};
		27DBB9BA1D21E4060038CA4A /* App */ = {
			isa = PBXGroup;
			children = (
				2738E42D1D0F678100B684B4 /* AppDelegate.swift */,
				275432581D21C92400728081 /* main.swift */,
				275432531D21C7BD00728081 /* AppBase.swift */,
				27DBB9BD1D21E4BC0038CA4A /* EXT.swift */,
				2738E4CA1D0F76D300B684B4 /* Constants.swift */,
			);
			name = App;
			sourceTree = "<group>";
		};
		27DBB9BB1D21E42B0038CA4A /* Controllers */ = {
			isa = PBXGroup;
			children = (
				2738E42F1D0F678100B684B4 /* ViewController.swift */,
				27FA630D1D107FFE00AA2180 /* ChannelCollectionViewCell.swift */,
			);
			name = Controllers;
			sourceTree = "<group>";
		};
		27DBB9BC1D21E4410038CA4A /* IB */ = {
			isa = PBXGroup;
			children = (
				2738E4311D0F678100B684B4 /* Main.storyboard */,
				2738E4361D0F678100B684B4 /* LaunchScreen.storyboard */,
			);
			name = IB;
			sourceTree = "<group>";
		};
		563053E2EE9C80E1A5798541 /* Pods */ = {
			isa = PBXGroup;
			children = (
				717A0E8B7520ED42E75917A7 /* Pods-AudioFetch-SDK-Sample.debug.xcconfig */,
				3A568C2CB22F8BCA093B29CD /* Pods-AudioFetch-SDK-Sample.release.xcconfig */,
			);
			name = Pods;
			sourceTree = "<group>";
		};
/* End PBXGroup section */

/* Begin PBXNativeTarget section */
		2738E4291D0F678100B684B4 /* AudioFetch-SDK-Sample */ = {
			isa = PBXNativeTarget;
			buildConfigurationList = 2738E43C1D0F678100B684B4 /* Build configuration list for PBXNativeTarget "AudioFetch-SDK-Sample" */;
			buildPhases = (
				28300E96AD9B54184CECD66B /* [CP] Check Pods Manifest.lock */,
				2738E4261D0F678100B684B4 /* Sources */,
				2738E4271D0F678100B684B4 /* Frameworks */,
				311C082A1D67CC03001C84A0 /* ShellScript */,
				2738E4281D0F678100B684B4 /* Resources */,
				A92B535EB9CF6036C634C9A1 /* [CP] Embed Pods Frameworks */,
				0BB4342B8DDF0974CE90EA40 /* [CP] Copy Pods Resources */,
			);
			buildRules = (
			);
			dependencies = (
			);
			name = "AudioFetch-SDK-Sample";
			productName = "AudioFetch-SDK-Sample";
			productReference = 2738E42A1D0F678100B684B4 /* AudioFetch-SDK-Sample.app */;
			productType = "com.apple.product-type.application";
		};
/* End PBXNativeTarget section */

/* Begin PBXProject section */
		2738E4221D0F678100B684B4 /* Project object */ = {
			isa = PBXProject;
			attributes = {
				LastSwiftUpdateCheck = 0730;
				LastUpgradeCheck = 0800;
				ORGANIZATIONNAME = "Audio Fetch";
				TargetAttributes = {
					2738E4291D0F678100B684B4 = {
						CreatedOnToolsVersion = 7.3.1;
						DevelopmentTeam = T2JV8CBKG9;
						LastSwiftMigration = 0800;
					};
				};
			};
			buildConfigurationList = 2738E4251D0F678100B684B4 /* Build configuration list for PBXProject "AudioFetch-SDK-Sample" */;
			compatibilityVersion = "Xcode 3.2";
			developmentRegion = English;
			hasScannedForEncodings = 0;
			knownRegions = (
				en,
				Base,
			);
			mainGroup = 2738E4211D0F678100B684B4;
			productRefGroup = 2738E42B1D0F678100B684B4 /* Products */;
			projectDirPath = "";
			projectRoot = "";
			targets = (
				2738E4291D0F678100B684B4 /* AudioFetch-SDK-Sample */,
			);
		};
/* End PBXProject section */

/* Begin PBXResourcesBuildPhase section */
		2738E4281D0F678100B684B4 /* Resources */ = {
			isa = PBXResourcesBuildPhase;
			buildActionMask = 2147483647;
			files = (
				31BA5EB11D79FDE3001E9AD9 /* Settings.bundle in Resources */,
				2738E4381D0F678100B684B4 /* LaunchScreen.storyboard in Resources */,
				2738E4351D0F678100B684B4 /* Assets.xcassets in Resources */,
				2738E4331D0F678100B684B4 /* Main.storyboard in Resources */,
			);
			runOnlyForDeploymentPostprocessing = 0;
		};
/* End PBXResourcesBuildPhase section */

/* Begin PBXShellScriptBuildPhase section */
		0BB4342B8DDF0974CE90EA40 /* [CP] Copy Pods Resources */ = {
			isa = PBXShellScriptBuildPhase;
			buildActionMask = 2147483647;
			files = (
			);
			inputPaths = (
			);
			name = "[CP] Copy Pods Resources";
			outputPaths = (
			);
			runOnlyForDeploymentPostprocessing = 0;
			shellPath = /bin/sh;
			shellScript = "\"${SRCROOT}/Pods/Target Support Files/Pods-AudioFetch-SDK-Sample/Pods-AudioFetch-SDK-Sample-resources.sh\"\n";
			showEnvVarsInLog = 0;
		};
		28300E96AD9B54184CECD66B /* [CP] Check Pods Manifest.lock */ = {
			isa = PBXShellScriptBuildPhase;
			buildActionMask = 2147483647;
			files = (
			);
			inputPaths = (
			);
			name = "[CP] Check Pods Manifest.lock";
			outputPaths = (
			);
			runOnlyForDeploymentPostprocessing = 0;
			shellPath = /bin/sh;
			shellScript = "diff \"${PODS_ROOT}/../Podfile.lock\" \"${PODS_ROOT}/Manifest.lock\" > /dev/null\nif [[ $? != 0 ]] ; then\n    cat << EOM\nerror: The sandbox is not in sync with the Podfile.lock. Run 'pod install' or update your CocoaPods installation.\nEOM\n    exit 1\nfi\n";
			showEnvVarsInLog = 0;
		};
		311C082A1D67CC03001C84A0 /* ShellScript */ = {
			isa = PBXShellScriptBuildPhase;
			buildActionMask = 2147483647;
			files = (
			);
			inputPaths = (
			);
			outputPaths = (
			);
			runOnlyForDeploymentPostprocessing = 0;
			shellPath = /bin/sh;
			shellScript = "#!/bin/bash\n# Auto Increment Version Script\nbuildPlist=$INFOPLIST_FILE\necho $buildPlist\nCFSVString=$(/usr/libexec/PlistBuddy -c \"Print CFBundleShortVersionString\" \"$buildPlist\")\nCFBundleVersion=$(/usr/libexec/PlistBuddy -c \"Print CFBundleVersion\" \"$buildPlist\")\nBUILD_NR=${CFBundleVersion##*.}\n    BUILD_NR=$(($BUILD_NR + 1))\n    #echo $BUILD_NR\n    CFBundleVersion=$CFSVString\".\"$BUILD_NR\n    #echo $CFBundleVersion\n    /usr/libexec/PlistBuddy -c \"Set :CFBundleVersion $CFBundleVersion\" \"$buildPlist\"\n    /usr/libexec/PlistBuddy \"$SRCROOT/AudioFetch-SDK-Sample/Settings.bundle/Root.plist\" -c \"Set PreferenceSpecifiers:0:DefaultValue $CFBundleVersion\"";
		};
		A92B535EB9CF6036C634C9A1 /* [CP] Embed Pods Frameworks */ = {
			isa = PBXShellScriptBuildPhase;
			buildActionMask = 2147483647;
			files = (
			);
			inputPaths = (
			);
			name = "[CP] Embed Pods Frameworks";
			outputPaths = (
			);
			runOnlyForDeploymentPostprocessing = 0;
			shellPath = /bin/sh;
			shellScript = "\"${SRCROOT}/Pods/Target Support Files/Pods-AudioFetch-SDK-Sample/Pods-AudioFetch-SDK-Sample-frameworks.sh\"\n";
			showEnvVarsInLog = 0;
		};
/* End PBXShellScriptBuildPhase section */

/* Begin PBXSourcesBuildPhase section */
		2738E4261D0F678100B684B4 /* Sources */ = {
			isa = PBXSourcesBuildPhase;
			buildActionMask = 2147483647;
			files = (
				2738E4301D0F678100B684B4 /* ViewController.swift in Sources */,
				275432591D21C92400728081 /* main.swift in Sources */,
				275432541D21C7BD00728081 /* AppBase.swift in Sources */,
				2738E42E1D0F678100B684B4 /* AppDelegate.swift in Sources */,
				27DBB9BE1D21E4BC0038CA4A /* EXT.swift in Sources */,
				2738E4CB1D0F76D300B684B4 /* Constants.swift in Sources */,
				27FA630E1D107FFE00AA2180 /* ChannelCollectionViewCell.swift in Sources */,
			);
			runOnlyForDeploymentPostprocessing = 0;
		};
/* End PBXSourcesBuildPhase section */

/* Begin PBXVariantGroup section */
		2738E4311D0F678100B684B4 /* Main.storyboard */ = {
			isa = PBXVariantGroup;
			children = (
				2738E4321D0F678100B684B4 /* Base */,
			);
			name = Main.storyboard;
			sourceTree = "<group>";
		};
		2738E4361D0F678100B684B4 /* LaunchScreen.storyboard */ = {
			isa = PBXVariantGroup;
			children = (
				2738E4371D0F678100B684B4 /* Base */,
			);
			name = LaunchScreen.storyboard;
			sourceTree = "<group>";
		};
/* End PBXVariantGroup section */

/* Begin XCBuildConfiguration section */
		2738E43A1D0F678100B684B4 /* Debug */ = {
			isa = XCBuildConfiguration;
			buildSettings = {
				ALWAYS_SEARCH_USER_PATHS = NO;
				CLANG_ANALYZER_NONNULL = YES;
				CLANG_CXX_LANGUAGE_STANDARD = "gnu++0x";
				CLANG_CXX_LIBRARY = "libc++";
				CLANG_ENABLE_MODULES = YES;
				CLANG_ENABLE_OBJC_ARC = YES;
				CLANG_WARN_BOOL_CONVERSION = YES;
				CLANG_WARN_CONSTANT_CONVERSION = YES;
				CLANG_WARN_DIRECT_OBJC_ISA_USAGE = YES_ERROR;
				CLANG_WARN_EMPTY_BODY = YES;
				CLANG_WARN_ENUM_CONVERSION = YES;
				CLANG_WARN_INFINITE_RECURSION = YES;
				CLANG_WARN_INT_CONVERSION = YES;
				CLANG_WARN_OBJC_ROOT_CLASS = YES_ERROR;
				CLANG_WARN_SUSPICIOUS_MOVE = YES;
				CLANG_WARN_UNREACHABLE_CODE = YES;
				CLANG_WARN__DUPLICATE_METHOD_MATCH = YES;
				"CODE_SIGN_IDENTITY[sdk=iphoneos*]" = "iPhone Developer";
				COPY_PHASE_STRIP = NO;
				DEBUG_INFORMATION_FORMAT = dwarf;
				ENABLE_STRICT_OBJC_MSGSEND = YES;
				ENABLE_TESTABILITY = YES;
				GCC_C_LANGUAGE_STANDARD = gnu99;
				GCC_DYNAMIC_NO_PIC = NO;
				GCC_NO_COMMON_BLOCKS = YES;
				GCC_OPTIMIZATION_LEVEL = 0;
				GCC_PREPROCESSOR_DEFINITIONS = (
					"DEBUG=1",
					"$(inherited)",
				);
				GCC_WARN_64_TO_32_BIT_CONVERSION = YES;
				GCC_WARN_ABOUT_RETURN_TYPE = YES_ERROR;
				GCC_WARN_UNDECLARED_SELECTOR = YES;
				GCC_WARN_UNINITIALIZED_AUTOS = YES_AGGRESSIVE;
				GCC_WARN_UNUSED_FUNCTION = YES;
				GCC_WARN_UNUSED_VARIABLE = YES;
				IPHONEOS_DEPLOYMENT_TARGET = 9.3;
				MTL_ENABLE_DEBUG_INFO = YES;
				ONLY_ACTIVE_ARCH = YES;
				SDKROOT = iphoneos;
				SWIFT_OPTIMIZATION_LEVEL = "-Onone";
			};
			name = Debug;
		};
		2738E43B1D0F678100B684B4 /* Release */ = {
			isa = XCBuildConfiguration;
			buildSettings = {
				ALWAYS_SEARCH_USER_PATHS = NO;
				CLANG_ANALYZER_NONNULL = YES;
				CLANG_CXX_LANGUAGE_STANDARD = "gnu++0x";
				CLANG_CXX_LIBRARY = "libc++";
				CLANG_ENABLE_MODULES = YES;
				CLANG_ENABLE_OBJC_ARC = YES;
				CLANG_WARN_BOOL_CONVERSION = YES;
				CLANG_WARN_CONSTANT_CONVERSION = YES;
				CLANG_WARN_DIRECT_OBJC_ISA_USAGE = YES_ERROR;
				CLANG_WARN_EMPTY_BODY = YES;
				CLANG_WARN_ENUM_CONVERSION = YES;
				CLANG_WARN_INFINITE_RECURSION = YES;
				CLANG_WARN_INT_CONVERSION = YES;
				CLANG_WARN_OBJC_ROOT_CLASS = YES_ERROR;
				CLANG_WARN_SUSPICIOUS_MOVE = YES;
				CLANG_WARN_UNREACHABLE_CODE = YES;
				CLANG_WARN__DUPLICATE_METHOD_MATCH = YES;
				"CODE_SIGN_IDENTITY[sdk=iphoneos*]" = "iPhone Developer";
				COPY_PHASE_STRIP = NO;
				DEBUG_INFORMATION_FORMAT = "dwarf-with-dsym";
				ENABLE_NS_ASSERTIONS = NO;
				ENABLE_STRICT_OBJC_MSGSEND = YES;
				GCC_C_LANGUAGE_STANDARD = gnu99;
				GCC_NO_COMMON_BLOCKS = YES;
				GCC_WARN_64_TO_32_BIT_CONVERSION = YES;
				GCC_WARN_ABOUT_RETURN_TYPE = YES_ERROR;
				GCC_WARN_UNDECLARED_SELECTOR = YES;
				GCC_WARN_UNINITIALIZED_AUTOS = YES_AGGRESSIVE;
				GCC_WARN_UNUSED_FUNCTION = YES;
				GCC_WARN_UNUSED_VARIABLE = YES;
				IPHONEOS_DEPLOYMENT_TARGET = 9.3;
				MTL_ENABLE_DEBUG_INFO = NO;
				SDKROOT = iphoneos;
				SWIFT_OPTIMIZATION_LEVEL = "-Owholemodule";
				VALIDATE_PRODUCT = YES;
			};
			name = Release;
		};
		2738E43D1D0F678100B684B4 /* Debug */ = {
			isa = XCBuildConfiguration;
			baseConfigurationReference = 717A0E8B7520ED42E75917A7 /* Pods-AudioFetch-SDK-Sample.debug.xcconfig */;
			buildSettings = {
				ASSETCATALOG_COMPILER_APPICON_NAME = AppIcon;
				CLANG_ENABLE_MODULES = YES;
				CODE_SIGN_IDENTITY = "iPhone Developer";
				ENABLE_BITCODE = NO;
				INFOPLIST_FILE = "AudioFetch-SDK-Sample/Info.plist";
				IPHONEOS_DEPLOYMENT_TARGET = 8.0;
				LD_RUNPATH_SEARCH_PATHS = "$(inherited) @executable_path/Frameworks";
				LIBRARY_SEARCH_PATHS = (
					"$(inherited)",
					"$(PROJECT_DIR)/AudioFetch-SDK-Sample/AudioFetch_SDK",
					"$(PROJECT_DIR)/AudioFetch-SDK-Sample/AudioFetch_SDK/include/AudioFetchSDK",
				);
				ONLY_ACTIVE_ARCH = NO;
				OTHER_LDFLAGS = (
					"$(inherited)",
					"-ObjC",
					"-lstdc++",
				);
				PRODUCT_BUNDLE_IDENTIFIER = "com.audiofetch.AudioFetch-SDK-Sample";
				PRODUCT_NAME = "$(TARGET_NAME)";
				SWIFT_OBJC_BRIDGING_HEADER = "AudioFetch-SDK-Sample/AudioFetch-SDK-Sample-Bridging-Header.h";
				SWIFT_OPTIMIZATION_LEVEL = "-Onone";
				SWIFT_VERSION = 3.0;
			};
			name = Debug;
		};
		2738E43E1D0F678100B684B4 /* Release */ = {
			isa = XCBuildConfiguration;
			baseConfigurationReference = 3A568C2CB22F8BCA093B29CD /* Pods-AudioFetch-SDK-Sample.release.xcconfig */;
			buildSettings = {
				ASSETCATALOG_COMPILER_APPICON_NAME = AppIcon;
				CLANG_ENABLE_MODULES = YES;
				CODE_SIGN_IDENTITY = "iPhone Developer";
				ENABLE_BITCODE = NO;
				INFOPLIST_FILE = "AudioFetch-SDK-Sample/Info.plist";
				IPHONEOS_DEPLOYMENT_TARGET = 8.0;
				LD_RUNPATH_SEARCH_PATHS = "$(inherited) @executable_path/Frameworks";
				LIBRARY_SEARCH_PATHS = (
					"$(inherited)",
					"$(PROJECT_DIR)/AudioFetch-SDK-Sample/AudioFetch_SDK",
					"$(PROJECT_DIR)/AudioFetch-SDK-Sample/AudioFetch_SDK/include/AudioFetchSDK",
				);
				ONLY_ACTIVE_ARCH = NO;
				OTHER_LDFLAGS = (
					"$(inherited)",
					"-ObjC",
					"-lstdc++",
				);
				PRODUCT_BUNDLE_IDENTIFIER = "com.audiofetch.AudioFetch-SDK-Sample";
				PRODUCT_NAME = "$(TARGET_NAME)";
				SWIFT_OBJC_BRIDGING_HEADER = "AudioFetch-SDK-Sample/AudioFetch-SDK-Sample-Bridging-Header.h";
				SWIFT_VERSION = 3.0;
			};
			name = Release;
		};
/* End XCBuildConfiguration section */

/* Begin XCConfigurationList section */
		2738E4251D0F678100B684B4 /* Build configuration list for PBXProject "AudioFetch-SDK-Sample" */ = {
			isa = XCConfigurationList;
			buildConfigurations = (
				2738E43A1D0F678100B684B4 /* Debug */,
				2738E43B1D0F678100B684B4 /* Release */,
			);
			defaultConfigurationIsVisible = 0;
			defaultConfigurationName = Release;
		};
		2738E43C1D0F678100B684B4 /* Build configuration list for PBXNativeTarget "AudioFetch-SDK-Sample" */ = {
			isa = XCConfigurationList;
			buildConfigurations = (
				2738E43D1D0F678100B684B4 /* Debug */,
				2738E43E1D0F678100B684B4 /* Release */,
			);
			defaultConfigurationIsVisible = 0;
			defaultConfigurationName = Release;
		};
/* End XCConfigurationList section */
	};
	rootObject = 2738E4221D0F678100B684B4 /* Project object */;
}
